{
  "name": "@qxip/promql-parser-js",
  "version": "0.1.2",
  "lockfileVersion": 1,
  "requires": true,
  "dependencies": {
    "jsonic": {
      "version": "1.0.1",
      "resolved": "https://registry.npmjs.org/jsonic/-/jsonic-1.0.1.tgz",
      "integrity": "sha512-6GitEN4plTuB/I1o9kDZl7Pgc+DvFG1BG88IqaUz4eQglCA1uAgxWdXhLNA6ffaYsmzPjOysDpp6CYTwRiuXLw=="
    }
  }
}
